Microsoft Visual Studio Solution File, Format Version 12.00
# Visual Studio Version 17
VisualStudioVersion = 17.5.2.0
MinimumVisualStudioVersion = 10.0.40219.1
Project("{FAE04EC0-301F-11D3-BF4B-00C04F79EFBC}") = "CsharpSandbox", "CsharpSandbox.csproj", "{EAB18EEE-E06D-EE08-8C1C-A11EC3FEF3C9}"
EndProject
Global
	GlobalSection(SolutionConfigurationPlatforms) = preSolution
		Debug|Any CPU = Debug|Any CPU
		Release|Any CPU = Release|Any CPU
	EndGlobalSection
	GlobalSection(ProjectConfigurationPlatforms) = postSolution
		{EAB18EEE-E06D-EE08-8C1C-A11EC3FEF3C9}.Debug|Any CPU.ActiveCfg = Debug|Any CPU
		{EAB18EEE-E06D-EE08-8C1C-A11EC3FEF3C9}.Debug|Any CPU.Build.0 = Debug|Any CPU
		{EAB18EEE-E06D-EE08-8C1C-A11EC3FEF3C9}.Release|Any CPU.ActiveCfg = Release|Any CPU
		{EAB18EEE-E06D-EE08-8C1C-A11EC3FEF3C9}.Release|Any CPU.Build.0 = Release|Any CPU
	EndGlobalSection
	GlobalSection(SolutionProperties) = preSolution
		HideSolutionNode = FALSE
	EndGlobalSection
	GlobalSection(ExtensibilityGlobals) = postSolution
		SolutionGuid = {4EBFCF57-F7C6-49BD-831F-A651D877E2E2}
	EndGlobalSection
EndGlobal
